
Microsoft Visual Studio Solution File, Format Version 12.00
# Visual Studio 15
VisualStudioVersion = 15.0.28307.168
MinimumVisualStudioVersion = 10.0.40219.1
Project("{FAE04EC0-301F-11D3-BF4B-00C04F79EFBC}") = "RPGCharacterSheetGenerator", "RPGCharacterSheetGenerator\RPGCharacterSheetGenerator.csproj", "{1786D53A-F6E2-49A2-9205-FC2139B64824}"
EndProject
Global
	GlobalSection(SolutionConfigurationPlatforms) = preSolution
		Debug|Any CPU = Debug|Any CPU
		Release|Any CPU = Release|Any CPU
	EndGlobalSection
	GlobalSection(ProjectConfigurationPlatforms) = postSolution
		{1786D53A-F6E2-49A2-9205-FC2139B64824}.Debug|Any CPU.ActiveCfg = Debug|Any CPU
		{1786D53A-F6E2-49A2-9205-FC2139B64824}.Debug|Any CPU.Build.0 = Debug|Any CPU
		{1786D53A-F6E2-49A2-9205-FC2139B64824}.Release|Any CPU.ActiveCfg = Release|Any CPU
		{1786D53A-F6E2-49A2-9205-FC2139B64824}.Release|Any CPU.Build.0 = Release|Any CPU
	EndGlobalSection
	GlobalSection(SolutionProperties) = preSolution
		HideSolutionNode = FALSE
	EndGlobalSection
	GlobalSection(ExtensibilityGlobals) = postSolution
		SolutionGuid = {C4649F10-FD9D-4567-BD7A-517642963337}
	EndGlobalSection
EndGlobal
